
Microsoft Visual Studio Solution File, Format Version 12.00
# Visual Studio Version 17
VisualStudioVersion = 17.2.32630.192
MinimumVisualStudioVersion = 10.0.40219.1
Project("{FAE04EC0-301F-11D3-BF4B-00C04F79EFBC}") = "ProjWebIII_Events", "ProjWebIII_Events\ProjWebIII_Events.csproj", "{1B8A3BEF-9EE0-4A4A-AD8A-5A64092A5F59}"
EndProject
Project("{FAE04EC0-301F-11D3-BF4B-00C04F79EFBC}") = "ProjWebIII_Events.Infra.Data", "ProjWebIII_Events.Infra.Data\ProjWebIII_Events.Infra.Data.csproj", "{FE4D6CC7-CA21-41BA-816C-E46496E368E9}"
EndProject
Project("{FAE04EC0-301F-11D3-BF4B-00C04F79EFBC}") = "ProjWebIII_Events.Core", "ProjWebIII_Events.Core\ProjWebIII_Events.Core.csproj", "{7DB71D1F-1017-463E-9045-29196BAF7494}"
EndProject
Global
	GlobalSection(SolutionConfigurationPlatforms) = preSolution
		Debug|Any CPU = Debug|Any CPU
		Release|Any CPU = Release|Any CPU
	EndGlobalSection
	GlobalSection(ProjectConfigurationPlatforms) = postSolution
		{1B8A3BEF-9EE0-4A4A-AD8A-5A64092A5F59}.Debug|Any CPU.ActiveCfg = Debug|Any CPU
		{1B8A3BEF-9EE0-4A4A-AD8A-5A64092A5F59}.Debug|Any CPU.Build.0 = Debug|Any CPU
		{1B8A3BEF-9EE0-4A4A-AD8A-5A64092A5F59}.Release|Any CPU.ActiveCfg = Release|Any CPU
		{1B8A3BEF-9EE0-4A4A-AD8A-5A64092A5F59}.Release|Any CPU.Build.0 = Release|Any CPU
		{FE4D6CC7-CA21-41BA-816C-E46496E368E9}.Debug|Any CPU.ActiveCfg = Debug|Any CPU
		{FE4D6CC7-CA21-41BA-816C-E46496E368E9}.Debug|Any CPU.Build.0 = Debug|Any CPU
		{FE4D6CC7-CA21-41BA-816C-E46496E368E9}.Release|Any CPU.ActiveCfg = Release|Any CPU
		{FE4D6CC7-CA21-41BA-816C-E46496E368E9}.Release|Any CPU.Build.0 = Release|Any CPU
		{7DB71D1F-1017-463E-9045-29196BAF7494}.Debug|Any CPU.ActiveCfg = Debug|Any CPU
		{7DB71D1F-1017-463E-9045-29196BAF7494}.Debug|Any CPU.Build.0 = Debug|Any CPU
		{7DB71D1F-1017-463E-9045-29196BAF7494}.Release|Any CPU.ActiveCfg = Release|Any CPU
		{7DB71D1F-1017-463E-9045-29196BAF7494}.Release|Any CPU.Build.0 = Release|Any CPU
	EndGlobalSection
	GlobalSection(SolutionProperties) = preSolution
		HideSolutionNode = FALSE
	EndGlobalSection
	GlobalSection(ExtensibilityGlobals) = postSolution
		SolutionGuid = {40035BCB-6164-4C72-810F-25BABA49B4A5}
	EndGlobalSection
EndGlobal
